// !$*UTF8*$!
{
	archiveVersion = 1;
	classes = {
	};
	objectVersion = 56;
	objects = {

/* Begin PBXBuildFile section */
		3505A11428DFAA0400A08521 /* main.cpp in Sources */ = {isa = PBXBuildFile; fileRef = 3505A11328DFAA0400A08521 /* main.cpp */; };
		3505A12128DFAA2000A08521 /* main.cpp in Sources */ = {isa = PBXBuildFile; fileRef = 3505A12028DFAA2000A08521 /* main.cpp */; };
		3505A12C28DFAB3E00A08521 /* main.cpp in Sources */ = {isa = PBXBuildFile; fileRef = 3505A12B28DFAB3E00A08521 /* main.cpp */; };
		3505A13728E022DD00A08521 /* main.cpp in Sources */ = {isa = PBXBuildFile; fileRef = 3505A13628E022DD00A08521 /* main.cpp */; };
		3505A14228E025A800A08521 /* main.cpp in Sources */ = {isa = PBXBuildFile; fileRef = 3505A14128E025A800A08521 /* main.cpp */; };
/* End PBXBuildFile section */

/* Begin PBXCopyFilesBuildPhase section */
		3505A10E28DFAA0400A08521 /* CopyFiles */ = {
			isa = PBXCopyFilesBuildPhase;
			buildActionMask = 2147483647;
			dstPath = /usr/share/man/man1/;
			dstSubfolderSpec = 0;
			files = (
			);
			runOnlyForDeploymentPostprocessing = 1;
		};
		3505A11C28DFAA2000A08521 /* CopyFiles */ = {
			isa = PBXCopyFilesBuildPhase;
			buildActionMask = 2147483647;
			dstPath = /usr/share/man/man1/;
			dstSubfolderSpec = 0;
			files = (
			);
			runOnlyForDeploymentPostprocessing = 1;
		};
		3505A12728DFAB3E00A08521 /* CopyFiles */ = {
			isa = PBXCopyFilesBuildPhase;
			buildActionMask = 2147483647;
			dstPath = /usr/share/man/man1/;
			dstSubfolderSpec = 0;
			files = (
			);
			runOnlyForDeploymentPostprocessing = 1;
		};
		3505A13228E022DD00A08521 /* CopyFiles */ = {
			isa = PBXCopyFilesBuildPhase;
			buildActionMask = 2147483647;
			dstPath = /usr/share/man/man1/;
			dstSubfolderSpec = 0;
			files = (
			);
			runOnlyForDeploymentPostprocessing = 1;
		};
		3505A13D28E025A800A08521 /* CopyFiles */ = {
			isa = PBXCopyFilesBuildPhase;
			buildActionMask = 2147483647;
			dstPath = /usr/share/man/man1/;
			dstSubfolderSpec = 0;
			files = (
			);
			runOnlyForDeploymentPostprocessing = 1;
		};
/* End PBXCopyFilesBuildPhase section */

/* Begin PBXFileReference section */
		3505A11028DFAA0400A08521 /* CONTEST1 */ = {isa = PBXFileReference; explicitFileType = "compiled.mach-o.executable"; includeInIndex = 0; path = CONTEST1; sourceTree = BUILT_PRODUCTS_DIR; };
		3505A11328DFAA0400A08521 /* main.cpp */ = {isa = PBXFileReference; lastKnownFileType = sourcecode.cpp.cpp; path = main.cpp; sourceTree = "<group>"; };
		3505A11E28DFAA2000A08521 /* A_WINTER_SALE */ = {isa = PBXFileReference; explicitFileType = "compiled.mach-o.executable"; includeInIndex = 0; path = A_WINTER_SALE; sourceTree = BUILT_PRODUCTS_DIR; };
		3505A12028DFAA2000A08521 /* main.cpp */ = {isa = PBXFileReference; lastKnownFileType = sourcecode.cpp.cpp; path = main.cpp; sourceTree = "<group>"; };
		3505A12928DFAB3E00A08521 /* B_MEME_MOMO */ = {isa = PBXFileReference; explicitFileType = "compiled.mach-o.executable"; includeInIndex = 0; path = B_MEME_MOMO; sourceTree = BUILT_PRODUCTS_DIR; };
		3505A12B28DFAB3E00A08521 /* main.cpp */ = {isa = PBXFileReference; lastKnownFileType = sourcecode.cpp.cpp; path = main.cpp; sourceTree = "<group>"; };
		3505A13428E022DD00A08521 /* C_Next_Alphabet */ = {isa = PBXFileReference; explicitFileType = "compiled.mach-o.executable"; includeInIndex = 0; path = C_Next_Alphabet; sourceTree = BUILT_PRODUCTS_DIR; };
		3505A13628E022DD00A08521 /* main.cpp */ = {isa = PBXFileReference; lastKnownFileType = sourcecode.cpp.cpp; path = main.cpp; sourceTree = "<group>"; };
		3505A13F28E025A800A08521 /* D_Ali_Baba_Puzzle */ = {isa = PBXFileReference; explicitFileType = "compiled.mach-o.executable"; includeInIndex = 0; path = D_Ali_Baba_Puzzle; sourceTree = BUILT_PRODUCTS_DIR; };
		3505A14128E025A800A08521 /* main.cpp */ = {isa = PBXFileReference; lastKnownFileType = sourcecode.cpp.cpp; path = main.cpp; sourceTree = "<group>"; };
/* End PBXFileReference section */

/* Begin PBXFrameworksBuildPhase section */
		3505A10D28DFAA0400A08521 /* Frameworks */ = {
			isa = PBXFrameworksBuildPhase;
			buildActionMask = 2147483647;
			files = (
			);
			runOnlyForDeploymentPostprocessing = 0;
		};
		3505A11B28DFAA2000A08521 /* Frameworks */ = {
			isa = PBXFrameworksBuildPhase;
			buildActionMask = 2147483647;
			files = (
			);
			runOnlyForDeploymentPostprocessing = 0;
		};
		3505A12628DFAB3E00A08521 /* Frameworks */ = {
			isa = PBXFrameworksBuildPhase;
			buildActionMask = 2147483647;
			files = (
			);
			runOnlyForDeploymentPostprocessing = 0;
		};
		3505A13128E022DD00A08521 /* Frameworks */ = {
			isa = PBXFrameworksBuildPhase;
			buildActionMask = 2147483647;
			files = (
			);
			runOnlyForDeploymentPostprocessing = 0;
		};
		3505A13C28E025A800A08521 /* Frameworks */ = {
			isa = PBXFrameworksBuildPhase;
			buildActionMask = 2147483647;
			files = (
			);
			runOnlyForDeploymentPostprocessing = 0;
		};
/* End PBXFrameworksBuildPhase section */

/* Begin PBXGroup section */
		3505A10728DFAA0400A08521 = {
			isa = PBXGroup;
			children = (
				3505A11228DFAA0400A08521 /* CONTEST1 */,
				3505A11F28DFAA2000A08521 /* A_WINTER_SALE */,
				3505A12A28DFAB3E00A08521 /* B_MEME_MOMO */,
				3505A13528E022DD00A08521 /* C_Next_Alphabet */,
				3505A14028E025A800A08521 /* D_Ali_Baba_Puzzle */,
				3505A11128DFAA0400A08521 /* Products */,
			);
			sourceTree = "<group>";
		};
		3505A11128DFAA0400A08521 /* Products */ = {
			isa = PBXGroup;
			children = (
				3505A11028DFAA0400A08521 /* CONTEST1 */,
				3505A11E28DFAA2000A08521 /* A_WINTER_SALE */,
				3505A12928DFAB3E00A08521 /* B_MEME_MOMO */,
				3505A13428E022DD00A08521 /* C_Next_Alphabet */,
				3505A13F28E025A800A08521 /* D_Ali_Baba_Puzzle */,
			);
			name = Products;
			sourceTree = "<group>";
		};
		3505A11228DFAA0400A08521 /* CONTEST1 */ = {
			isa = PBXGroup;
			children = (
				3505A11328DFAA0400A08521 /* main.cpp */,
			);
			path = CONTEST1;
			sourceTree = "<group>";
		};
		3505A11F28DFAA2000A08521 /* A_WINTER_SALE */ = {
			isa = PBXGroup;
			children = (
				3505A12028DFAA2000A08521 /* main.cpp */,
			);
			path = A_WINTER_SALE;
			sourceTree = "<group>";
		};
		3505A12A28DFAB3E00A08521 /* B_MEME_MOMO */ = {
			isa = PBXGroup;
			children = (
				3505A12B28DFAB3E00A08521 /* main.cpp */,
			);
			path = B_MEME_MOMO;
			sourceTree = "<group>";
		};
		3505A13528E022DD00A08521 /* C_Next_Alphabet */ = {
			isa = PBXGroup;
			children = (
				3505A13628E022DD00A08521 /* main.cpp */,
			);
			path = C_Next_Alphabet;
			sourceTree = "<group>";
		};
		3505A14028E025A800A08521 /* D_Ali_Baba_Puzzle */ = {
			isa = PBXGroup;
			children = (
				3505A14128E025A800A08521 /* main.cpp */,
			);
			path = D_Ali_Baba_Puzzle;
			sourceTree = "<group>";
		};
/* End PBXGroup section */

/* Begin PBXNativeTarget section */
		3505A10F28DFAA0400A08521 /* CONTEST1 */ = {
			isa = PBXNativeTarget;
			buildConfigurationList = 3505A11728DFAA0400A08521 /* Build configuration list for PBXNativeTarget "CONTEST1" */;
			buildPhases = (
				3505A10C28DFAA0400A08521 /* Sources */,
				3505A10D28DFAA0400A08521 /* Frameworks */,
				3505A10E28DFAA0400A08521 /* CopyFiles */,
			);
			buildRules = (
			);
			dependencies = (
			);
			name = CONTEST1;
			productName = CONTEST1;
			productReference = 3505A11028DFAA0400A08521 /* CONTEST1 */;
			productType = "com.apple.product-type.tool";
		};
		3505A11D28DFAA2000A08521 /* A_WINTER_SALE */ = {
			isa = PBXNativeTarget;
			buildConfigurationList = 3505A12228DFAA2000A08521 /* Build configuration list for PBXNativeTarget "A_WINTER_SALE" */;
			buildPhases = (
				3505A11A28DFAA2000A08521 /* Sources */,
				3505A11B28DFAA2000A08521 /* Frameworks */,
				3505A11C28DFAA2000A08521 /* CopyFiles */,
			);
			buildRules = (
			);
			dependencies = (
			);
			name = A_WINTER_SALE;
			productName = A_WINTER_SALE;
			productReference = 3505A11E28DFAA2000A08521 /* A_WINTER_SALE */;
			productType = "com.apple.product-type.tool";
		};
		3505A12828DFAB3E00A08521 /* B_MEME_MOMO */ = {
			isa = PBXNativeTarget;
			buildConfigurationList = 3505A12D28DFAB3E00A08521 /* Build configuration list for PBXNativeTarget "B_MEME_MOMO" */;
			buildPhases = (
				3505A12528DFAB3E00A08521 /* Sources */,
				3505A12628DFAB3E00A08521 /* Frameworks */,
				3505A12728DFAB3E00A08521 /* CopyFiles */,
			);
			buildRules = (
			);
			dependencies = (
			);
			name = B_MEME_MOMO;
			productName = B_MEME_MOMO;
			productReference = 3505A12928DFAB3E00A08521 /* B_MEME_MOMO */;
			productType = "com.apple.product-type.tool";
		};
		3505A13328E022DD00A08521 /* C_Next_Alphabet */ = {
			isa = PBXNativeTarget;
			buildConfigurationList = 3505A13828E022DD00A08521 /* Build configuration list for PBXNativeTarget "C_Next_Alphabet" */;
			buildPhases = (
				3505A13028E022DD00A08521 /* Sources */,
				3505A13128E022DD00A08521 /* Frameworks */,
				3505A13228E022DD00A08521 /* CopyFiles */,
			);
			buildRules = (
			);
			dependencies = (
			);
			name = C_Next_Alphabet;
			productName = C_Next_Alphabet;
			productReference = 3505A13428E022DD00A08521 /* C_Next_Alphabet */;
			productType = "com.apple.product-type.tool";
		};
		3505A13E28E025A800A08521 /* D_Ali_Baba_Puzzle */ = {
			isa = PBXNativeTarget;
			buildConfigurationList = 3505A14328E025A800A08521 /* Build configuration list for PBXNativeTarget "D_Ali_Baba_Puzzle" */;
			buildPhases = (
				3505A13B28E025A800A08521 /* Sources */,
				3505A13C28E025A800A08521 /* Frameworks */,
				3505A13D28E025A800A08521 /* CopyFiles */,
			);
			buildRules = (
			);
			dependencies = (
			);
			name = D_Ali_Baba_Puzzle;
			productName = D_Ali_Baba_Puzzle;
			productReference = 3505A13F28E025A800A08521 /* D_Ali_Baba_Puzzle */;
			productType = "com.apple.product-type.tool";
		};
/* End PBXNativeTarget section */

/* Begin PBXProject section */
		3505A10828DFAA0400A08521 /* Project object */ = {
			isa = PBXProject;
			attributes = {
				BuildIndependentTargetsInParallel = 1;
				LastUpgradeCheck = 1400;
				TargetAttributes = {
					3505A10F28DFAA0400A08521 = {
						CreatedOnToolsVersion = 14.0;
					};
					3505A11D28DFAA2000A08521 = {
						CreatedOnToolsVersion = 14.0;
					};
					3505A12828DFAB3E00A08521 = {
						CreatedOnToolsVersion = 14.0;
					};
					3505A13328E022DD00A08521 = {
						CreatedOnToolsVersion = 14.0;
					};
					3505A13E28E025A800A08521 = {
						CreatedOnToolsVersion = 14.0;
					};
				};
			};
			buildConfigurationList = 3505A10B28DFAA0400A08521 /* Build configuration list for PBXProject "CONTEST1" */;
			compatibilityVersion = "Xcode 14.0";
			developmentRegion = en;
			hasScannedForEncodings = 0;
			knownRegions = (
				en,
				Base,
			);
			mainGroup = 3505A10728DFAA0400A08521;
			productRefGroup = 3505A11128DFAA0400A08521 /* Products */;
			projectDirPath = "";
			projectRoot = "";
			targets = (
				3505A10F28DFAA0400A08521 /* CONTEST1 */,
				3505A11D28DFAA2000A08521 /* A_WINTER_SALE */,
				3505A12828DFAB3E00A08521 /* B_MEME_MOMO */,
				3505A13328E022DD00A08521 /* C_Next_Alphabet */,
				3505A13E28E025A800A08521 /* D_Ali_Baba_Puzzle */,
			);
		};
/* End PBXProject section */

/* Begin PBXSourcesBuildPhase section */
		3505A10C28DFAA0400A08521 /* Sources */ = {
			isa = PBXSourcesBuildPhase;
			buildActionMask = 2147483647;
			files = (
				3505A11428DFAA0400A08521 /* main.cpp in Sources */,
			);
			runOnlyForDeploymentPostprocessing = 0;
		};
		3505A11A28DFAA2000A08521 /* Sources */ = {
			isa = PBXSourcesBuildPhase;
			buildActionMask = 2147483647;
			files = (
				3505A12128DFAA2000A08521 /* main.cpp in Sources */,
			);
			runOnlyForDeploymentPostprocessing = 0;
		};
		3505A12528DFAB3E00A08521 /* Sources */ = {
			isa = PBXSourcesBuildPhase;
			buildActionMask = 2147483647;
			files = (
				3505A12C28DFAB3E00A08521 /* main.cpp in Sources */,
			);
			runOnlyForDeploymentPostprocessing = 0;
		};
		3505A13028E022DD00A08521 /* Sources */ = {
			isa = PBXSourcesBuildPhase;
			buildActionMask = 2147483647;
			files = (
				3505A13728E022DD00A08521 /* main.cpp in Sources */,
			);
			runOnlyForDeploymentPostprocessing = 0;
		};
		3505A13B28E025A800A08521 /* Sources */ = {
			isa = PBXSourcesBuildPhase;
			buildActionMask = 2147483647;
			files = (
				3505A14228E025A800A08521 /* main.cpp in Sources */,
			);
			runOnlyForDeploymentPostprocessing = 0;
		};
/* End PBXSourcesBuildPhase section */

/* Begin XCBuildConfiguration section */
		3505A11528DFAA0400A08521 /* Debug */ = {
			isa = XCBuildConfiguration;
			buildSettings = {
				ALWAYS_SEARCH_USER_PATHS = NO;
				CLANG_ANALYZER_NONNULL = YES;
				CLANG_ANALYZER_NUMBER_OBJECT_CONVERSION = YES_AGGRESSIVE;
				CLANG_CXX_LANGUAGE_STANDARD = "gnu++20";
				CLANG_ENABLE_MODULES = YES;
				CLANG_ENABLE_OBJC_ARC = YES;
				CLANG_ENABLE_OBJC_WEAK = YES;
				CLANG_WARN_BLOCK_CAPTURE_AUTORELEASING = YES;
				CLANG_WARN_BOOL_CONVERSION = YES;
				CLANG_WARN_COMMA = YES;
				CLANG_WARN_CONSTANT_CONVERSION = YES;
				CLANG_WARN_DEPRECATED_OBJC_IMPLEMENTATIONS = YES;
				CLANG_WARN_DIRECT_OBJC_ISA_USAGE = YES_ERROR;
				CLANG_WARN_DOCUMENTATION_COMMENTS = YES;
				CLANG_WARN_EMPTY_BODY = YES;
				CLANG_WARN_ENUM_CONVERSION = YES;
				CLANG_WARN_INFINITE_RECURSION = YES;
				CLANG_WARN_INT_CONVERSION = YES;
				CLANG_WARN_NON_LITERAL_NULL_CONVERSION = YES;
				CLANG_WARN_OBJC_IMPLICIT_RETAIN_SELF = YES;
				CLANG_WARN_OBJC_LITERAL_CONVERSION = YES;
				CLANG_WARN_OBJC_ROOT_CLASS = YES_ERROR;
				CLANG_WARN_QUOTED_INCLUDE_IN_FRAMEWORK_HEADER = YES;
				CLANG_WARN_RANGE_LOOP_ANALYSIS = YES;
				CLANG_WARN_STRICT_PROTOTYPES = YES;
				CLANG_WARN_SUSPICIOUS_MOVE = YES;
				CLANG_WARN_UNGUARDED_AVAILABILITY = YES_AGGRESSIVE;
				CLANG_WARN_UNREACHABLE_CODE = YES;
				CLANG_WARN__DUPLICATE_METHOD_MATCH = YES;
				COPY_PHASE_STRIP = NO;
				DEBUG_INFORMATION_FORMAT = dwarf;
				ENABLE_STRICT_OBJC_MSGSEND = YES;
				ENABLE_TESTABILITY = YES;
				GCC_C_LANGUAGE_STANDARD = gnu11;
				GCC_DYNAMIC_NO_PIC = NO;
				GCC_NO_COMMON_BLOCKS = YES;
				GCC_OPTIMIZATION_LEVEL = 0;
				GCC_PREPROCESSOR_DEFINITIONS = (
					"DEBUG=1",
					"$(inherited)",
				);
				GCC_WARN_64_TO_32_BIT_CONVERSION = YES;
				GCC_WARN_ABOUT_RETURN_TYPE = YES_ERROR;
				GCC_WARN_UNDECLARED_SELECTOR = YES;
				GCC_WARN_UNINITIALIZED_AUTOS = YES_AGGRESSIVE;
				GCC_WARN_UNUSED_FUNCTION = YES;
				GCC_WARN_UNUSED_VARIABLE = YES;
				MACOSX_DEPLOYMENT_TARGET = 12.3;
				MTL_ENABLE_DEBUG_INFO = INCLUDE_SOURCE;
				MTL_FAST_MATH = YES;
				ONLY_ACTIVE_ARCH = YES;
				SDKROOT = macosx;
			};
			name = Debug;
		};
		3505A11628DFAA0400A08521 /* Release */ = {
			isa = XCBuildConfiguration;
			buildSettings = {
				ALWAYS_SEARCH_USER_PATHS = NO;
				CLANG_ANALYZER_NONNULL = YES;
				CLANG_ANALYZER_NUMBER_OBJECT_CONVERSION = YES_AGGRESSIVE;
				CLANG_CXX_LANGUAGE_STANDARD = "gnu++20";
				CLANG_ENABLE_MODULES = YES;
				CLANG_ENABLE_OBJC_ARC = YES;
				CLANG_ENABLE_OBJC_WEAK = YES;
				CLANG_WARN_BLOCK_CAPTURE_AUTORELEASING = YES;
				CLANG_WARN_BOOL_CONVERSION = YES;
				CLANG_WARN_COMMA = YES;
				CLANG_WARN_CONSTANT_CONVERSION = YES;
				CLANG_WARN_DEPRECATED_OBJC_IMPLEMENTATIONS = YES;
				CLANG_WARN_DIRECT_OBJC_ISA_USAGE = YES_ERROR;
				CLANG_WARN_DOCUMENTATION_COMMENTS = YES;
				CLANG_WARN_EMPTY_BODY = YES;
				CLANG_WARN_ENUM_CONVERSION = YES;
				CLANG_WARN_INFINITE_RECURSION = YES;
				CLANG_WARN_INT_CONVERSION = YES;
				CLANG_WARN_NON_LITERAL_NULL_CONVERSION = YES;
				CLANG_WARN_OBJC_IMPLICIT_RETAIN_SELF = YES;
				CLANG_WARN_OBJC_LITERAL_CONVERSION = YES;
				CLANG_WARN_OBJC_ROOT_CLASS = YES_ERROR;
				CLANG_WARN_QUOTED_INCLUDE_IN_FRAMEWORK_HEADER = YES;
				CLANG_WARN_RANGE_LOOP_ANALYSIS = YES;
				CLANG_WARN_STRICT_PROTOTYPES = YES;
				CLANG_WARN_SUSPICIOUS_MOVE = YES;
				CLANG_WARN_UNGUARDED_AVAILABILITY = YES_AGGRESSIVE;
				CLANG_WARN_UNREACHABLE_CODE = YES;
				CLANG_WARN__DUPLICATE_METHOD_MATCH = YES;
				COPY_PHASE_STRIP = NO;
				DEBUG_INFORMATION_FORMAT = "dwarf-with-dsym";
				ENABLE_NS_ASSERTIONS = NO;
				ENABLE_STRICT_OBJC_MSGSEND = YES;
				GCC_C_LANGUAGE_STANDARD = gnu11;
				GCC_NO_COMMON_BLOCKS = YES;
				GCC_WARN_64_TO_32_BIT_CONVERSION = YES;
				GCC_WARN_ABOUT_RETURN_TYPE = YES_ERROR;
				GCC_WARN_UNDECLARED_SELECTOR = YES;
				GCC_WARN_UNINITIALIZED_AUTOS = YES_AGGRESSIVE;
				GCC_WARN_UNUSED_FUNCTION = YES;
				GCC_WARN_UNUSED_VARIABLE = YES;
				MACOSX_DEPLOYMENT_TARGET = 12.3;
				MTL_ENABLE_DEBUG_INFO = NO;
				MTL_FAST_MATH = YES;
				SDKROOT = macosx;
			};
			name = Release;
		};
		3505A11828DFAA0400A08521 /* Debug */ = {
			isa = XCBuildConfiguration;
			buildSettings = {
				CODE_SIGN_STYLE = Automatic;
				PRODUCT_NAME = "$(TARGET_NAME)";
			};
			name = Debug;
		};
		3505A11928DFAA0400A08521 /* Release */ = {
			isa = XCBuildConfiguration;
			buildSettings = {
				CODE_SIGN_STYLE = Automatic;
				PRODUCT_NAME = "$(TARGET_NAME)";
			};
			name = Release;
		};
		3505A12328DFAA2000A08521 /* Debug */ = {
			isa = XCBuildConfiguration;
			buildSettings = {
				CODE_SIGN_STYLE = Automatic;
				PRODUCT_NAME = "$(TARGET_NAME)";
			};
			name = Debug;
		};
		3505A12428DFAA2000A08521 /* Release */ = {
			isa = XCBuildConfiguration;
			buildSettings = {
				CODE_SIGN_STYLE = Automatic;
				PRODUCT_NAME = "$(TARGET_NAME)";
			};
			name = Release;
		};
		3505A12E28DFAB3E00A08521 /* Debug */ = {
			isa = XCBuildConfiguration;
			buildSettings = {
				CODE_SIGN_STYLE = Automatic;
				PRODUCT_NAME = "$(TARGET_NAME)";
			};
			name = Debug;
		};
		3505A12F28DFAB3E00A08521 /* Release */ = {
			isa = XCBuildConfiguration;
			buildSettings = {
				CODE_SIGN_STYLE = Automatic;
				PRODUCT_NAME = "$(TARGET_NAME)";
			};
			name = Release;
		};
		3505A13928E022DD00A08521 /* Debug */ = {
			isa = XCBuildConfiguration;
			buildSettings = {
				CODE_SIGN_STYLE = Automatic;
				PRODUCT_NAME = "$(TARGET_NAME)";
			};
			name = Debug;
		};
		3505A13A28E022DD00A08521 /* Release */ = {
			isa = XCBuildConfiguration;
			buildSettings = {
				CODE_SIGN_STYLE = Automatic;
				PRODUCT_NAME = "$(TARGET_NAME)";
			};
			name = Release;
		};
		3505A14428E025A800A08521 /* Debug */ = {
			isa = XCBuildConfiguration;
			buildSettings = {
				CODE_SIGN_STYLE = Automatic;
				PRODUCT_NAME = "$(TARGET_NAME)";
			};
			name = Debug;
		};
		3505A14528E025A800A08521 /* Release */ = {
			isa = XCBuildConfiguration;
			buildSettings = {
				CODE_SIGN_STYLE = Automatic;
				PRODUCT_NAME = "$(TARGET_NAME)";
			};
			name = Release;
		};
/* End XCBuildConfiguration section */

/* Begin XCConfigurationList section */
		3505A10B28DFAA0400A08521 /* Build configuration list for PBXProject "CONTEST1" */ = {
			isa = XCConfigurationList;
			buildConfigurations = (
				3505A11528DFAA0400A08521 /* Debug */,
				3505A11628DFAA0400A08521 /* Release */,
			);
			defaultConfigurationIsVisible = 0;
			defaultConfigurationName = Release;
		};
		3505A11728DFAA0400A08521 /* Build configuration list for PBXNativeTarget "CONTEST1" */ = {
			isa = XCConfigurationList;
			buildConfigurations = (
				3505A11828DFAA0400A08521 /* Debug */,
				3505A11928DFAA0400A08521 /* Release */,
			);
			defaultConfigurationIsVisible = 0;
			defaultConfigurationName = Release;
		};
		3505A12228DFAA2000A08521 /* Build configuration list for PBXNativeTarget "A_WINTER_SALE" */ = {
			isa = XCConfigurationList;
			buildConfigurations = (
				3505A12328DFAA2000A08521 /* Debug */,
				3505A12428DFAA2000A08521 /* Release */,
			);
			defaultConfigurationIsVisible = 0;
			defaultConfigurationName = Release;
		};
		3505A12D28DFAB3E00A08521 /* Build configuration list for PBXNativeTarget "B_MEME_MOMO" */ = {
			isa = XCConfigurationList;
			buildConfigurations = (
				3505A12E28DFAB3E00A08521 /* Debug */,
				3505A12F28DFAB3E00A08521 /* Release */,
			);
			defaultConfigurationIsVisible = 0;
			defaultConfigurationName = Release;
		};
		3505A13828E022DD00A08521 /* Build configuration list for PBXNativeTarget "C_Next_Alphabet" */ = {
			isa = XCConfigurationList;
			buildConfigurations = (
				3505A13928E022DD00A08521 /* Debug */,
				3505A13A28E022DD00A08521 /* Release */,
			);
			defaultConfigurationIsVisible = 0;
			defaultConfigurationName = Release;
		};
		3505A14328E025A800A08521 /* Build configuration list for PBXNativeTarget "D_Ali_Baba_Puzzle" */ = {
			isa = XCConfigurationList;
			buildConfigurations = (
				3505A14428E025A800A08521 /* Debug */,
				3505A14528E025A800A08521 /* Release */,
			);
			defaultConfigurationIsVisible = 0;
			defaultConfigurationName = Release;
		};
/* End XCConfigurationList section */
	};
	rootObject = 3505A10828DFAA0400A08521 /* Project object */;
}
